// !$*UTF8*$!
{
	archiveVersion = 1;
	classes = {
	};
	objectVersion = 50;
	objects = {

/* Begin PBXBuildFile section */
		873528102552D8AF00FDC099 /* AppDelegate.swift in Sources */ = {isa = PBXBuildFile; fileRef = 8735280F2552D8AF00FDC099 /* AppDelegate.swift */; };
		873528122552D8AF00FDC099 /* SceneDelegate.swift in Sources */ = {isa = PBXBuildFile; fileRef = 873528112552D8AF00FDC099 /* SceneDelegate.swift */; };
		873528142552D8AF00FDC099 /* ViewController.swift in Sources */ = {isa = PBXBuildFile; fileRef = 873528132552D8AF00FDC099 /* ViewController.swift */; };
		873528172552D8AF00FDC099 /* Main.storyboard in Resources */ = {isa = PBXBuildFile; fileRef = 873528152552D8AF00FDC099 /* Main.storyboard */; };
		873528192552D8B000FDC099 /* Assets.xcassets in Resources */ = {isa = PBXBuildFile; fileRef = 873528182552D8B000FDC099 /* Assets.xcassets */; };
		8735281C2552D8B000FDC099 /* LaunchScreen.storyboard in Resources */ = {isa = PBXBuildFile; fileRef = 8735281A2552D8B000FDC099 /* LaunchScreen.storyboard */; };
		873528322552F83500FDC099 /* Screenshots 01.png in Resources */ = {isa = PBXBuildFile; fileRef = 873528312552F83500FDC099 /* Screenshots 01.png */; };
		873528372552F84700FDC099 /* Screenshots 03.png in Resources */ = {isa = PBXBuildFile; fileRef = 873528342552F84700FDC099 /* Screenshots 03.png */; };
		873528382552F84700FDC099 /* Screenshots 04.png in Resources */ = {isa = PBXBuildFile; fileRef = 873528352552F84700FDC099 /* Screenshots 04.png */; };
		873528392552F84700FDC099 /* Screenshots 02.png in Resources */ = {isa = PBXBuildFile; fileRef = 873528362552F84700FDC099 /* Screenshots 02.png */; };
/* End PBXBuildFile section */

/* Begin PBXFileReference section */
		8735280C2552D8AF00FDC099 /* Welcome.app */ = {isa = PBXFileReference; explicitFileType = wrapper.application; includeInIndex = 0; path = Welcome.app; sourceTree = BUILT_PRODUCTS_DIR; };
		8735280F2552D8AF00FDC099 /* AppDelegate.swift */ = {isa = PBXFileReference; lastKnownFileType = sourcecode.swift; path = AppDelegate.swift; sourceTree = "<group>"; };
		873528112552D8AF00FDC099 /* SceneDelegate.swift */ = {isa = PBXFileReference; lastKnownFileType = sourcecode.swift; path = SceneDelegate.swift; sourceTree = "<group>"; };
		873528132552D8AF00FDC099 /* ViewController.swift */ = {isa = PBXFileReference; lastKnownFileType = sourcecode.swift; path = ViewController.swift; sourceTree = "<group>"; };
		873528162552D8AF00FDC099 /* Base */ = {isa = PBXFileReference; lastKnownFileType = file.storyboard; name = Base; path = Base.lproj/Main.storyboard; sourceTree = "<group>"; };
		873528182552D8B000FDC099 /* Assets.xcassets */ = {isa = PBXFileReference; lastKnownFileType = folder.assetcatalog; path = Assets.xcassets; sourceTree = "<group>"; };
		8735281B2552D8B000FDC099 /* Base */ = {isa = PBXFileReference; lastKnownFileType = file.storyboard; name = Base; path = Base.lproj/LaunchScreen.storyboard; sourceTree = "<group>"; };
		8735281D2552D8B000FDC099 /* Info.plist */ = {isa = PBXFileReference; lastKnownFileType = text.plist.xml; path = Info.plist; sourceTree = "<group>"; };
		873528312552F83500FDC099 /* Screenshots 01.png */ = {isa = PBXFileReference; lastKnownFileType = image.png; path = "Screenshots 01.png"; sourceTree = "<group>"; };
		873528342552F84700FDC099 /* Screenshots 03.png */ = {isa = PBXFileReference; lastKnownFileType = image.png; path = "Screenshots 03.png"; sourceTree = "<group>"; };
		873528352552F84700FDC099 /* Screenshots 04.png */ = {isa = PBXFileReference; lastKnownFileType = image.png; path = "Screenshots 04.png"; sourceTree = "<group>"; };
		873528362552F84700FDC099 /* Screenshots 02.png */ = {isa = PBXFileReference; lastKnownFileType = image.png; path = "Screenshots 02.png"; sourceTree = "<group>"; };
/* End PBXFileReference section */

/* Begin PBXFrameworksBuildPhase section */
		873528092552D8AF00FDC099 /* Frameworks */ = {
			isa = PBXFrameworksBuildPhase;
			buildActionMask = 2147483647;
			files = (
			);
			runOnlyForDeploymentPostprocessing = 0;
		};
/* End PBXFrameworksBuildPhase section */

/* Begin PBXGroup section */
		873528032552D8AF00FDC099 = {
			isa = PBXGroup;
			children = (
				8735280E2552D8AF00FDC099 /* Welcome */,
				8735280D2552D8AF00FDC099 /* Products */,
			);
			sourceTree = "<group>";
		};
		8735280D2552D8AF00FDC099 /* Products */ = {
			isa = PBXGroup;
			children = (
				8735280C2552D8AF00FDC099 /* Welcome.app */,
			);
			name = Products;
			sourceTree = "<group>";
		};
		8735280E2552D8AF00FDC099 /* Welcome */ = {
			isa = PBXGroup;
			children = (
				873528302552F72A00FDC099 /* Screens */,
				8735280F2552D8AF00FDC099 /* AppDelegate.swift */,
				873528112552D8AF00FDC099 /* SceneDelegate.swift */,
				873528132552D8AF00FDC099 /* ViewController.swift */,
				873528152552D8AF00FDC099 /* Main.storyboard */,
				873528182552D8B000FDC099 /* Assets.xcassets */,
				8735281A2552D8B000FDC099 /* LaunchScreen.storyboard */,
				8735281D2552D8B000FDC099 /* Info.plist */,
			);
			path = Welcome;
			sourceTree = "<group>";
		};
		873528302552F72A00FDC099 /* Screens */ = {
			isa = PBXGroup;
			children = (
				873528312552F83500FDC099 /* Screenshots 01.png */,
				873528362552F84700FDC099 /* Screenshots 02.png */,
				873528342552F84700FDC099 /* Screenshots 03.png */,
				873528352552F84700FDC099 /* Screenshots 04.png */,
			);
			path = Screens;
			sourceTree = "<group>";
		};
/* End PBXGroup section */

/* Begin PBXNativeTarget section */
		8735280B2552D8AF00FDC099 /* Welcome */ = {
			isa = PBXNativeTarget;
			buildConfigurationList = 873528202552D8B000FDC099 /* Build configuration list for PBXNativeTarget "Welcome" */;
			buildPhases = (
				873528082552D8AF00FDC099 /* Sources */,
				873528092552D8AF00FDC099 /* Frameworks */,
				8735280A2552D8AF00FDC099 /* Resources */,
			);
			buildRules = (
			);
			dependencies = (
			);
			name = Welcome;
			productName = Welcome;
			productReference = 8735280C2552D8AF00FDC099 /* Welcome.app */;
			productType = "com.apple.product-type.application";
		};
/* End PBXNativeTarget section */

/* Begin PBXProject section */
		873528042552D8AF00FDC099 /* Project object */ = {
			isa = PBXProject;
			attributes = {
				LastSwiftUpdateCheck = 1200;
				LastUpgradeCheck = 1200;
				TargetAttributes = {
					8735280B2552D8AF00FDC099 = {
						CreatedOnToolsVersion = 12.0.1;
					};
				};
			};
			buildConfigurationList = 873528072552D8AF00FDC099 /* Build configuration list for PBXProject "Welcome" */;
			compatibilityVersion = "Xcode 9.3";
			developmentRegion = en;
			hasScannedForEncodings = 0;
			knownRegions = (
				en,
				Base,
			);
			mainGroup = 873528032552D8AF00FDC099;
			productRefGroup = 8735280D2552D8AF00FDC099 /* Products */;
			projectDirPath = "";
			projectRoot = "";
			targets = (
				8735280B2552D8AF00FDC099 /* Welcome */,
			);
		};
/* End PBXProject section */

/* Begin PBXResourcesBuildPhase section */
		8735280A2552D8AF00FDC099 /* Resources */ = {
			isa = PBXResourcesBuildPhase;
			buildActionMask = 2147483647;
			files = (
				873528382552F84700FDC099 /* Screenshots 04.png in Resources */,
				8735281C2552D8B000FDC099 /* LaunchScreen.storyboard in Resources */,
				873528192552D8B000FDC099 /* Assets.xcassets in Resources */,
				873528372552F84700FDC099 /* Screenshots 03.png in Resources */,
				873528172552D8AF00FDC099 /* Main.storyboard in Resources */,
				873528392552F84700FDC099 /* Screenshots 02.png in Resources */,
				873528322552F83500FDC099 /* Screenshots 01.png in Resources */,
			);
			runOnlyForDeploymentPostprocessing = 0;
		};
/* End PBXResourcesBuildPhase section */

/* Begin PBXSourcesBuildPhase section */
		873528082552D8AF00FDC099 /* Sources */ = {
			isa = PBXSourcesBuildPhase;
			buildActionMask = 2147483647;
			files = (
				873528142552D8AF00FDC099 /* ViewController.swift in Sources */,
				873528102552D8AF00FDC099 /* AppDelegate.swift in Sources */,
				873528122552D8AF00FDC099 /* SceneDelegate.swift in Sources */,
			);
			runOnlyForDeploymentPostprocessing = 0;
		};
/* End PBXSourcesBuildPhase section */

/* Begin PBXVariantGroup section */
		873528152552D8AF00FDC099 /* Main.storyboard */ = {
			isa = PBXVariantGroup;
			children = (
				873528162552D8AF00FDC099 /* Base */,
			);
			name = Main.storyboard;
			sourceTree = "<group>";
		};
		8735281A2552D8B000FDC099 /* LaunchScreen.storyboard */ = {
			isa = PBXVariantGroup;
			children = (
				8735281B2552D8B000FDC099 /* Base */,
			);
			name = LaunchScreen.storyboard;
			sourceTree = "<group>";
		};
/* End PBXVariantGroup section */

/* Begin XCBuildConfiguration section */
		8735281E2552D8B000FDC099 /* Debug */ = {
			isa = XCBuildConfiguration;
			buildSettings = {
				ALWAYS_SEARCH_USER_PATHS = NO;
				CLANG_ANALYZER_NONNULL = YES;
				CLANG_ANALYZER_NUMBER_OBJECT_CONVERSION = YES_AGGRESSIVE;
				CLANG_CXX_LANGUAGE_STANDARD = "gnu++14";
				CLANG_CXX_LIBRARY = "libc++";
				CLANG_ENABLE_MODULES = YES;
				CLANG_ENABLE_OBJC_ARC = YES;
				CLANG_ENABLE_OBJC_WEAK = YES;
				CLANG_WARN_BLOCK_CAPTURE_AUTORELEASING = YES;
				CLANG_WARN_BOOL_CONVERSION = YES;
				CLANG_WARN_COMMA = YES;
				CLANG_WARN_CONSTANT_CONVERSION = YES;
				CLANG_WARN_DEPRECATED_OBJC_IMPLEMENTATIONS = YES;
				CLANG_WARN_DIRECT_OBJC_ISA_USAGE = YES_ERROR;
				CLANG_WARN_DOCUMENTATION_COMMENTS = YES;
				CLANG_WARN_EMPTY_BODY = YES;
				CLANG_WARN_ENUM_CONVERSION = YES;
				CLANG_WARN_INFINITE_RECURSION = YES;
				CLANG_WARN_INT_CONVERSION = YES;
				CLANG_WARN_NON_LITERAL_NULL_CONVERSION = YES;
				CLANG_WARN_OBJC_IMPLICIT_RETAIN_SELF = YES;
				CLANG_WARN_OBJC_LITERAL_CONVERSION = YES;
				CLANG_WARN_OBJC_ROOT_CLASS = YES_ERROR;
				CLANG_WARN_QUOTED_INCLUDE_IN_FRAMEWORK_HEADER = YES;
				CLANG_WARN_RANGE_LOOP_ANALYSIS = YES;
				CLANG_WARN_STRICT_PROTOTYPES = YES;
				CLANG_WARN_SUSPICIOUS_MOVE = YES;
				CLANG_WARN_UNGUARDED_AVAILABILITY = YES_AGGRESSIVE;
				CLANG_WARN_UNREACHABLE_CODE = YES;
				CLANG_WARN__DUPLICATE_METHOD_MATCH = YES;
				COPY_PHASE_STRIP = NO;
				DEBUG_INFORMATION_FORMAT = dwarf;
				ENABLE_STRICT_OBJC_MSGSEND = YES;
				ENABLE_TESTABILITY = YES;
				GCC_C_LANGUAGE_STANDARD = gnu11;
				GCC_DYNAMIC_NO_PIC = NO;
				GCC_NO_COMMON_BLOCKS = YES;
				GCC_OPTIMIZATION_LEVEL = 0;
				GCC_PREPROCESSOR_DEFINITIONS = (
					"DEBUG=1",
					"$(inherited)",
				);
				GCC_WARN_64_TO_32_BIT_CONVERSION = YES;
				GCC_WARN_ABOUT_RETURN_TYPE = YES_ERROR;
				GCC_WARN_UNDECLARED_SELECTOR = YES;
				GCC_WARN_UNINITIALIZED_AUTOS = YES_AGGRESSIVE;
				GCC_WARN_UNUSED_FUNCTION = YES;
				GCC_WARN_UNUSED_VARIABLE = YES;
				IPHONEOS_DEPLOYMENT_TARGET = 14.0;
				MTL_ENABLE_DEBUG_INFO = INCLUDE_SOURCE;
				MTL_FAST_MATH = YES;
				ONLY_ACTIVE_ARCH = YES;
				SDKROOT = iphoneos;
				SWIFT_ACTIVE_COMPILATION_CONDITIONS = DEBUG;
				SWIFT_OPTIMIZATION_LEVEL = "-Onone";
			};
			name = Debug;
		};
		8735281F2552D8B000FDC099 /* Release */ = {
			isa = XCBuildConfiguration;
			buildSettings = {
				ALWAYS_SEARCH_USER_PATHS = NO;
				CLANG_ANALYZER_NONNULL = YES;
				CLANG_ANALYZER_NUMBER_OBJECT_CONVERSION = YES_AGGRESSIVE;
				CLANG_CXX_LANGUAGE_STANDARD = "gnu++14";
				CLANG_CXX_LIBRARY = "libc++";
				CLANG_ENABLE_MODULES = YES;
				CLANG_ENABLE_OBJC_ARC = YES;
				CLANG_ENABLE_OBJC_WEAK = YES;
				CLANG_WARN_BLOCK_CAPTURE_AUTORELEASING = YES;
				CLANG_WARN_BOOL_CONVERSION = YES;
				CLANG_WARN_COMMA = YES;
				CLANG_WARN_CONSTANT_CONVERSION = YES;
				CLANG_WARN_DEPRECATED_OBJC_IMPLEMENTATIONS = YES;
				CLANG_WARN_DIRECT_OBJC_ISA_USAGE = YES_ERROR;
				CLANG_WARN_DOCUMENTATION_COMMENTS = YES;
				CLANG_WARN_EMPTY_BODY = YES;
				CLANG_WARN_ENUM_CONVERSION = YES;
				CLANG_WARN_INFINITE_RECURSION = YES;
				CLANG_WARN_INT_CONVERSION = YES;
				CLANG_WARN_NON_LITERAL_NULL_CONVERSION = YES;
				CLANG_WARN_OBJC_IMPLICIT_RETAIN_SELF = YES;
				CLANG_WARN_OBJC_LITERAL_CONVERSION = YES;
				CLANG_WARN_OBJC_ROOT_CLASS = YES_ERROR;
				CLANG_WARN_QUOTED_INCLUDE_IN_FRAMEWORK_HEADER = YES;
				CLANG_WARN_RANGE_LOOP_ANALYSIS = YES;
				CLANG_WARN_STRICT_PROTOTYPES = YES;
				CLANG_WARN_SUSPICIOUS_MOVE = YES;
				CLANG_WARN_UNGUARDED_AVAILABILITY = YES_AGGRESSIVE;
				CLANG_WARN_UNREACHABLE_CODE = YES;
				CLANG_WARN__DUPLICATE_METHOD_MATCH = YES;
				COPY_PHASE_STRIP = NO;
				DEBUG_INFORMATION_FORMAT = "dwarf-with-dsym";
				ENABLE_NS_ASSERTIONS = NO;
				ENABLE_STRICT_OBJC_MSGSEND = YES;
				GCC_C_LANGUAGE_STANDARD = gnu11;
				GCC_NO_COMMON_BLOCKS = YES;
				GCC_WARN_64_TO_32_BIT_CONVERSION = YES;
				GCC_WARN_ABOUT_RETURN_TYPE = YES_ERROR;
				GCC_WARN_UNDECLARED_SELECTOR = YES;
				GCC_WARN_UNINITIALIZED_AUTOS = YES_AGGRESSIVE;
				GCC_WARN_UNUSED_FUNCTION = YES;
				GCC_WARN_UNUSED_VARIABLE = YES;
				IPHONEOS_DEPLOYMENT_TARGET = 14.0;
				MTL_ENABLE_DEBUG_INFO = NO;
				MTL_FAST_MATH = YES;
				SDKROOT = iphoneos;
				SWIFT_COMPILATION_MODE = wholemodule;
				SWIFT_OPTIMIZATION_LEVEL = "-O";
				VALIDATE_PRODUCT = YES;
			};
			name = Release;
		};
		873528212552D8B000FDC099 /* Debug */ = {
			isa = XCBuildConfiguration;
			buildSettings = {
				ASSETCATALOG_COMPILER_APPICON_NAME = AppIcon;
				ASSETCATALOG_COMPILER_GLOBAL_ACCENT_COLOR_NAME = AccentColor;
				CODE_SIGN_STYLE = Automatic;
				DEVELOPMENT_TEAM = WK6VX7C7GW;
				INFOPLIST_FILE = Welcome/Info.plist;
				LD_RUNPATH_SEARCH_PATHS = (
					"$(inherited)",
					"@executable_path/Frameworks",
				);
				PRODUCT_BUNDLE_IDENTIFIER = app.bartal.Welcome;
				PRODUCT_NAME = "$(TARGET_NAME)";
				SWIFT_VERSION = 5.0;
				TARGETED_DEVICE_FAMILY = "1,2";
			};
			name = Debug;
		};
		873528222552D8B000FDC099 /* Release */ = {
			isa = XCBuildConfiguration;
			buildSettings = {
				ASSETCATALOG_COMPILER_APPICON_NAME = AppIcon;
				ASSETCATALOG_COMPILER_GLOBAL_ACCENT_COLOR_NAME = AccentColor;
				CODE_SIGN_STYLE = Automatic;
				DEVELOPMENT_TEAM = WK6VX7C7GW;
				INFOPLIST_FILE = Welcome/Info.plist;
				LD_RUNPATH_SEARCH_PATHS = (
					"$(inherited)",
					"@executable_path/Frameworks",
				);
				PRODUCT_BUNDLE_IDENTIFIER = app.bartal.Welcome;
				PRODUCT_NAME = "$(TARGET_NAME)";
				SWIFT_VERSION = 5.0;
				TARGETED_DEVICE_FAMILY = "1,2";
			};
			name = Release;
		};
/* End XCBuildConfiguration section */

/* Begin XCConfigurationList section */
		873528072552D8AF00FDC099 /* Build configuration list for PBXProject "Welcome" */ = {
			isa = XCConfigurationList;
			buildConfigurations = (
				8735281E2552D8B000FDC099 /* Debug */,
				8735281F2552D8B000FDC099 /* Release */,
			);
			defaultConfigurationIsVisible = 0;
			defaultConfigurationName = Release;
		};
		873528202552D8B000FDC099 /* Build configuration list for PBXNativeTarget "Welcome" */ = {
			isa = XCConfigurationList;
			buildConfigurations = (
				873528212552D8B000FDC099 /* Debug */,
				873528222552D8B000FDC099 /* Release */,
			);
			defaultConfigurationIsVisible = 0;
			defaultConfigurationName = Release;
		};
/* End XCConfigurationList section */
	};
	rootObject = 873528042552D8AF00FDC099 /* Project object */;
}
